PODS:
  - DZNEmptyDataSet (1.8.1)
  - FSCalendar (2.8.1)
  - TextFieldEffects (1.6.0)

DEPENDENCIES:
  - DZNEmptyDataSet
  - FSCalendar
  - TextFieldEffects

SPEC REPOS:
  trunk:
    - DZNEmptyDataSet
    - FSCalendar
    - TextFieldEffects

SPEC CHECKSUMS:
  DZNEmptyDataSet: 9525833b9e68ac21c30253e1d3d7076cc828eaa7
  FSCalendar: 5245140456fcbcac5824c203b98bd8068bdfee1a
  TextFieldEffects: 529b8aff706fb40f82c41c780c0777941a893796

PODFILE CHECKSUM: 1dc48c4c8be26a11b449e113b2c06beb814a8b62

COCOAPODS: 1.9.3
