// !$*UTF8*$!
{
	archiveVersion = 1;
	classes = {
	};
	objectVersion = 51;
	objects = {

/* Begin PBXBuildFile section */
		84097E5A24AACC7600484C6A /* MealListViewController.swift in Sources */ = {isa = PBXBuildFile; fileRef = 84097E5924AACC7600484C6A /* MealListViewController.swift */; };
		84097E5C24AAD36500484C6A /* ShoppingListTableViewCellSection.swift in Sources */ = {isa = PBXBuildFile; fileRef = 84097E5B24AAD36500484C6A /* ShoppingListTableViewCellSection.swift */; };
		8414E6B72503D53600CCBA88 /* ReusableNavigation.swift in Sources */ = {isa = PBXBuildFile; fileRef = 8414E6B62503D53600CCBA88 /* ReusableNavigation.swift */; };
		841B5554248B115000CDE586 /* ShoppingListTableViewCells.swift in Sources */ = {isa = PBXBuildFile; fileRef = 841B5553248B115000CDE586 /* ShoppingListTableViewCells.swift */; };
		8445C01A24EB2FA70069E010 /* UITextView.swift in Sources */ = {isa = PBXBuildFile; fileRef = 8445C01924EB2FA70069E010 /* UITextView.swift */; };
		84496C8D24E7016000A6CD31 /* IngredientsListTableViewCell.swift in Sources */ = {isa = PBXBuildFile; fileRef = 84496C8C24E7016000A6CD31 /* IngredientsListTableViewCell.swift */; };
		84BADA5824AEB3BA00F68286 /* RecipeMealPlanApp.xcdatamodeld in Sources */ = {isa = PBXBuildFile; fileRef = 84BADA5624AEB3BA00F68286 /* RecipeMealPlanApp.xcdatamodeld */; };
		84BCA0EA24DB48070027356F /* PlannedMealsViewController.swift in Sources */ = {isa = PBXBuildFile; fileRef = 84BCA0E924DB48070027356F /* PlannedMealsViewController.swift */; };
		84C6C1BB2458A73C00A14F49 /* AppDelegate.swift in Sources */ = {isa = PBXBuildFile; fileRef = 84C6C1BA2458A73C00A14F49 /* AppDelegate.swift */; };
		84C6C1BD2458A73C00A14F49 /* SceneDelegate.swift in Sources */ = {isa = PBXBuildFile; fileRef = 84C6C1BC2458A73C00A14F49 /* SceneDelegate.swift */; };
		84C6C1C22458A73C00A14F49 /* Main.storyboard in Resources */ = {isa = PBXBuildFile; fileRef = 84C6C1C02458A73C00A14F49 /* Main.storyboard */; };
		84C6C1C72458A74300A14F49 /* Assets.xcassets in Resources */ = {isa = PBXBuildFile; fileRef = 84C6C1C62458A74300A14F49 /* Assets.xcassets */; };
		84C6C1CA2458A74300A14F49 /* LaunchScreen.storyboard in Resources */ = {isa = PBXBuildFile; fileRef = 84C6C1C82458A74300A14F49 /* LaunchScreen.storyboard */; };
		84C6C1D62458AB1900A14F49 /* RecipeDetailsViewController.swift in Sources */ = {isa = PBXBuildFile; fileRef = 84C6C1D22458AB1900A14F49 /* RecipeDetailsViewController.swift */; };
		84C6C1D72458AB1900A14F49 /* RecipeListViewController.swift in Sources */ = {isa = PBXBuildFile; fileRef = 84C6C1D32458AB1900A14F49 /* RecipeListViewController.swift */; };
		84C6C1D82458AB1900A14F49 /* ShoppingListViewController.swift in Sources */ = {isa = PBXBuildFile; fileRef = 84C6C1D42458AB1900A14F49 /* ShoppingListViewController.swift */; };
		84C6C1D92458AB1900A14F49 /* MealPlannerViewController.swift in Sources */ = {isa = PBXBuildFile; fileRef = 84C6C1D52458AB1900A14F49 /* MealPlannerViewController.swift */; };
		84C6C1E02458AB2600A14F49 /* AddNameOfRecipeViewController.swift in Sources */ = {isa = PBXBuildFile; fileRef = 84C6C1DB2458AB2600A14F49 /* AddNameOfRecipeViewController.swift */; };
		84C6C1E12458AB2600A14F49 /* AddDescriptionViewController.swift in Sources */ = {isa = PBXBuildFile; fileRef = 84C6C1DC2458AB2600A14F49 /* AddDescriptionViewController.swift */; };
		84C6C1E22458AB2600A14F49 /* AddIngredientsViewController.swift in Sources */ = {isa = PBXBuildFile; fileRef = 84C6C1DD2458AB2600A14F49 /* AddIngredientsViewController.swift */; };
		84C6C1E32458AB2600A14F49 /* AddDirectionsViewController.swift in Sources */ = {isa = PBXBuildFile; fileRef = 84C6C1DE2458AB2600A14F49 /* AddDirectionsViewController.swift */; };
		84C6C1E42458AB2600A14F49 /* AddPhotoViewController.swift in Sources */ = {isa = PBXBuildFile; fileRef = 84C6C1DF2458AB2600A14F49 /* AddPhotoViewController.swift */; };
		84C6C1EA2458AB3000A14F49 /* DescriptionAndPicutreViewController.swift in Sources */ = {isa = PBXBuildFile; fileRef = 84C6C1E62458AB2F00A14F49 /* DescriptionAndPicutreViewController.swift */; };
		84C6C1EB2458AB3000A14F49 /* DirectionsViewController.swift in Sources */ = {isa = PBXBuildFile; fileRef = 84C6C1E72458AB2F00A14F49 /* DirectionsViewController.swift */; };
		84C6C1EC2458AB3000A14F49 /* MealTypeAndCountViewController.swift in Sources */ = {isa = PBXBuildFile; fileRef = 84C6C1E82458AB2F00A14F49 /* MealTypeAndCountViewController.swift */; };
		84C6C1ED2458AB3000A14F49 /* IngredientsViewController.swift in Sources */ = {isa = PBXBuildFile; fileRef = 84C6C1E92458AB2F00A14F49 /* IngredientsViewController.swift */; };
		84C6C1F82458AB3C00A14F49 /* MealPlannerTableViewCell.swift in Sources */ = {isa = PBXBuildFile; fileRef = 84C6C1F02458AB3C00A14F49 /* MealPlannerTableViewCell.swift */; };
		84C6C1FA2458AB3C00A14F49 /* ImagePicker.swift in Sources */ = {isa = PBXBuildFile; fileRef = 84C6C1F22458AB3C00A14F49 /* ImagePicker.swift */; };
		84C6C1FB2458AB3C00A14F49 /* ListedRecipesTableViewCell.swift in Sources */ = {isa = PBXBuildFile; fileRef = 84C6C1F32458AB3C00A14F49 /* ListedRecipesTableViewCell.swift */; };
		84C6C1FD2458AB3C00A14F49 /* MealTypeTableViewCell.swift in Sources */ = {isa = PBXBuildFile; fileRef = 84C6C1F52458AB3C00A14F49 /* MealTypeTableViewCell.swift */; };
		84C6C1FE2458AB3C00A14F49 /* PickerViewDataSource.swift in Sources */ = {isa = PBXBuildFile; fileRef = 84C6C1F62458AB3C00A14F49 /* PickerViewDataSource.swift */; };
		84C6C20D2458AB7600A14F49 /* CoreDataStack.swift in Sources */ = {isa = PBXBuildFile; fileRef = 84C6C20C2458AB7600A14F49 /* CoreDataStack.swift */; };
		95336548DFE71A4D5106227E /* Pods_RecipeMealPlanApp.framework in Frameworks */ = {isa = PBXBuildFile; fileRef = 7D00073E66CD9D5AC4520B05 /* Pods_RecipeMealPlanApp.framework */; };
/* End PBXBuildFile section */

/* Begin PBXFileReference section */
		761BCAAF19BA0181E3705E17 /* Pods-RecipeMealPlanApp.release.xcconfig */ = {isa = PBXFileReference; includeInIndex = 1; lastKnownFileType = text.xcconfig; name = "Pods-RecipeMealPlanApp.release.xcconfig"; path = "Target Support Files/Pods-RecipeMealPlanApp/Pods-RecipeMealPlanApp.release.xcconfig"; sourceTree = "<group>"; };
		777427F3D7DAB392F8C6C42A /* Pods-RecipeMealPlanApp.debug.xcconfig */ = {isa = PBXFileReference; includeInIndex = 1; lastKnownFileType = text.xcconfig; name = "Pods-RecipeMealPlanApp.debug.xcconfig"; path = "Target Support Files/Pods-RecipeMealPlanApp/Pods-RecipeMealPlanApp.debug.xcconfig"; sourceTree = "<group>"; };
		7D00073E66CD9D5AC4520B05 /* Pods_RecipeMealPlanApp.framework */ = {isa = PBXFileReference; explicitFileType = wrapper.framework; includeInIndex = 0; path = Pods_RecipeMealPlanApp.framework; sourceTree = BUILT_PRODUCTS_DIR; };
		84097E5924AACC7600484C6A /* MealListViewController.swift */ = {isa = PBXFileReference; lastKnownFileType = sourcecode.swift; path = MealListViewController.swift; sourceTree = "<group>"; };
		84097E5B24AAD36500484C6A /* ShoppingListTableViewCellSection.swift */ = {isa = PBXFileReference; lastKnownFileType = sourcecode.swift; path = ShoppingListTableViewCellSection.swift; sourceTree = "<group>"; };
		840D5CC124CDF0CD003DEACD /* RecipeMealPlanApp 3.xcdatamodel */ = {isa = PBXFileReference; lastKnownFileType = wrapper.xcdatamodel; path = "RecipeMealPlanApp 3.xcdatamodel"; sourceTree = "<group>"; };
		8414E6B62503D53600CCBA88 /* ReusableNavigation.swift */ = {isa = PBXFileReference; lastKnownFileType = sourcecode.swift; path = ReusableNavigation.swift; sourceTree = "<group>"; };
		841B5553248B115000CDE586 /* ShoppingListTableViewCells.swift */ = {isa = PBXFileReference; fileEncoding = 4; lastKnownFileType = sourcecode.swift; path = ShoppingListTableViewCells.swift; sourceTree = "<group>"; };
		8445C01924EB2FA70069E010 /* UITextView.swift */ = {isa = PBXFileReference; lastKnownFileType = sourcecode.swift; path = UITextView.swift; sourceTree = "<group>"; };
		84496C8C24E7016000A6CD31 /* IngredientsListTableViewCell.swift */ = {isa = PBXFileReference; lastKnownFileType = sourcecode.swift; path = IngredientsListTableViewCell.swift; sourceTree = "<group>"; };
		848A7CA024CDE26A00528AC4 /* RecipeMealPlanApp 2.xcdatamodel */ = {isa = PBXFileReference; lastKnownFileType = wrapper.xcdatamodel; path = "RecipeMealPlanApp 2.xcdatamodel"; sourceTree = "<group>"; };
		84BADA5724AEB3BA00F68286 /* RecipeMealPlanApp.xcdatamodel */ = {isa = PBXFileReference; lastKnownFileType = wrapper.xcdatamodel; path = RecipeMealPlanApp.xcdatamodel; sourceTree = "<group>"; };
		84BCA0E824D9F3A20027356F /* RecipeMealPlanApp-Bridging-Header.h */ = {isa = PBXFileReference; lastKnownFileType = sourcecode.c.h; path = "RecipeMealPlanApp-Bridging-Header.h"; sourceTree = "<group>"; };
		84BCA0E924DB48070027356F /* PlannedMealsViewController.swift */ = {isa = PBXFileReference; lastKnownFileType = sourcecode.swift; path = PlannedMealsViewController.swift; sourceTree = "<group>"; };
		84C6C1B72458A73C00A14F49 /* RecipeMealPlanApp.app */ = {isa = PBXFileReference; explicitFileType = wrapper.application; includeInIndex = 0; path = RecipeMealPlanApp.app; sourceTree = BUILT_PRODUCTS_DIR; };
		84C6C1BA2458A73C00A14F49 /* AppDelegate.swift */ = {isa = PBXFileReference; lastKnownFileType = sourcecode.swift; path = AppDelegate.swift; sourceTree = "<group>"; };
		84C6C1BC2458A73C00A14F49 /* SceneDelegate.swift */ = {isa = PBXFileReference; lastKnownFileType = sourcecode.swift; path = SceneDelegate.swift; sourceTree = "<group>"; };
		84C6C1C12458A73C00A14F49 /* Base */ = {isa = PBXFileReference; lastKnownFileType = file.storyboard; name = Base; path = Base.lproj/Main.storyboard; sourceTree = "<group>"; };
		84C6C1C62458A74300A14F49 /* Assets.xcassets */ = {isa = PBXFileReference; lastKnownFileType = folder.assetcatalog; path = Assets.xcassets; sourceTree = "<group>"; };
		84C6C1C92458A74300A14F49 /* Base */ = {isa = PBXFileReference; lastKnownFileType = file.storyboard; name = Base; path = Base.lproj/LaunchScreen.storyboard; sourceTree = "<group>"; };
		84C6C1CB2458A74300A14F49 /* Info.plist */ = {isa = PBXFileReference; lastKnownFileType = text.plist.xml; path = Info.plist; sourceTree = "<group>"; };
		84C6C1D22458AB1900A14F49 /* RecipeDetailsViewController.swift */ = {isa = PBXFileReference; fileEncoding = 4; lastKnownFileType = sourcecode.swift; path = RecipeDetailsViewController.swift; sourceTree = "<group>"; };
		84C6C1D32458AB1900A14F49 /* RecipeListViewController.swift */ = {isa = PBXFileReference; fileEncoding = 4; lastKnownFileType = sourcecode.swift; path = RecipeListViewController.swift; sourceTree = "<group>"; };
		84C6C1D42458AB1900A14F49 /* ShoppingListViewController.swift */ = {isa = PBXFileReference; fileEncoding = 4; lastKnownFileType = sourcecode.swift; path = ShoppingListViewController.swift; sourceTree = "<group>"; };
		84C6C1D52458AB1900A14F49 /* MealPlannerViewController.swift */ = {isa = PBXFileReference; fileEncoding = 4; lastKnownFileType = sourcecode.swift; path = MealPlannerViewController.swift; sourceTree = "<group>"; };
		84C6C1DB2458AB2600A14F49 /* AddNameOfRecipeViewController.swift */ = {isa = PBXFileReference; fileEncoding = 4; lastKnownFileType = sourcecode.swift; path = AddNameOfRecipeViewController.swift; sourceTree = "<group>"; };
		84C6C1DC2458AB2600A14F49 /* AddDescriptionViewController.swift */ = {isa = PBXFileReference; fileEncoding = 4; lastKnownFileType = sourcecode.swift; path = AddDescriptionViewController.swift; sourceTree = "<group>"; };
		84C6C1DD2458AB2600A14F49 /* AddIngredientsViewController.swift */ = {isa = PBXFileReference; fileEncoding = 4; lastKnownFileType = sourcecode.swift; path = AddIngredientsViewController.swift; sourceTree = "<group>"; };
		84C6C1DE2458AB2600A14F49 /* AddDirectionsViewController.swift */ = {isa = PBXFileReference; fileEncoding = 4; lastKnownFileType = sourcecode.swift; path = AddDirectionsViewController.swift; sourceTree = "<group>"; };
		84C6C1DF2458AB2600A14F49 /* AddPhotoViewController.swift */ = {isa = PBXFileReference; fileEncoding = 4; lastKnownFileType = sourcecode.swift; path = AddPhotoViewController.swift; sourceTree = "<group>"; };
		84C6C1E62458AB2F00A14F49 /* DescriptionAndPicutreViewController.swift */ = {isa = PBXFileReference; fileEncoding = 4; lastKnownFileType = sourcecode.swift; path = DescriptionAndPicutreViewController.swift; sourceTree = "<group>"; };
		84C6C1E72458AB2F00A14F49 /* DirectionsViewController.swift */ = {isa = PBXFileReference; fileEncoding = 4; lastKnownFileType = sourcecode.swift; path = DirectionsViewController.swift; sourceTree = "<group>"; };
		84C6C1E82458AB2F00A14F49 /* MealTypeAndCountViewController.swift */ = {isa = PBXFileReference; fileEncoding = 4; lastKnownFileType = sourcecode.swift; path = MealTypeAndCountViewController.swift; sourceTree = "<group>"; wrapsLines = 1; };
		84C6C1E92458AB2F00A14F49 /* IngredientsViewController.swift */ = {isa = PBXFileReference; fileEncoding = 4; lastKnownFileType = sourcecode.swift; path = IngredientsViewController.swift; sourceTree = "<group>"; };
		84C6C1F02458AB3C00A14F49 /* MealPlannerTableViewCell.swift */ = {isa = PBXFileReference; fileEncoding = 4; lastKnownFileType = sourcecode.swift; path = MealPlannerTableViewCell.swift; sourceTree = "<group>"; };
		84C6C1F22458AB3C00A14F49 /* ImagePicker.swift */ = {isa = PBXFileReference; fileEncoding = 4; lastKnownFileType = sourcecode.swift; path = ImagePicker.swift; sourceTree = "<group>"; };
		84C6C1F32458AB3C00A14F49 /* ListedRecipesTableViewCell.swift */ = {isa = PBXFileReference; fileEncoding = 4; lastKnownFileType = sourcecode.swift; path = ListedRecipesTableViewCell.swift; sourceTree = "<group>"; };
		84C6C1F52458AB3C00A14F49 /* MealTypeTableViewCell.swift */ = {isa = PBXFileReference; fileEncoding = 4; lastKnownFileType = sourcecode.swift; path = MealTypeTableViewCell.swift; sourceTree = "<group>"; };
		84C6C1F62458AB3C00A14F49 /* PickerViewDataSource.swift */ = {isa = PBXFileReference; fileEncoding = 4; lastKnownFileType = sourcecode.swift; path = PickerViewDataSource.swift; sourceTree = "<group>"; };
		84C6C20C2458AB7600A14F49 /* CoreDataStack.swift */ = {isa = PBXFileReference; fileEncoding = 4; lastKnownFileType = sourcecode.swift; path = CoreDataStack.swift; sourceTree = "<group>"; };
/* End PBXFileReference section */

/* Begin PBXFrameworksBuildPhase section */
		84C6C1B42458A73C00A14F49 /* Frameworks */ = {
			isa = PBXFrameworksBuildPhase;
			buildActionMask = 2147483647;
			files = (
				95336548DFE71A4D5106227E /* Pods_RecipeMealPlanApp.framework in Frameworks */,
			);
			runOnlyForDeploymentPostprocessing = 0;
		};
/* End PBXFrameworksBuildPhase section */

/* Begin PBXGroup section */
		27F4E8385EEE4086A1701A62 /* Pods */ = {
			isa = PBXGroup;
			children = (
				777427F3D7DAB392F8C6C42A /* Pods-RecipeMealPlanApp.debug.xcconfig */,
				761BCAAF19BA0181E3705E17 /* Pods-RecipeMealPlanApp.release.xcconfig */,
			);
			path = Pods;
			sourceTree = "<group>";
		};
		630A24DC7F793287C8EDD36A /* Frameworks */ = {
			isa = PBXGroup;
			children = (
				7D00073E66CD9D5AC4520B05 /* Pods_RecipeMealPlanApp.framework */,
			);
			name = Frameworks;
			sourceTree = "<group>";
		};
		84496C8E24EB02FB00A6CD31 /* Secondary View Controllers */ = {
			isa = PBXGroup;
			children = (
				84C6C1D22458AB1900A14F49 /* RecipeDetailsViewController.swift */,
				84097E5924AACC7600484C6A /* MealListViewController.swift */,
			);
			name = "Secondary View Controllers";
			path = ..;
			sourceTree = "<group>";
		};
		84C6C1AE2458A73C00A14F49 = {
			isa = PBXGroup;
			children = (
				84BADA5624AEB3BA00F68286 /* RecipeMealPlanApp.xcdatamodeld */,
				84C6C1B92458A73C00A14F49 /* RecipeMealPlanApp */,
				84C6C1B82458A73C00A14F49 /* Products */,
				27F4E8385EEE4086A1701A62 /* Pods */,
				630A24DC7F793287C8EDD36A /* Frameworks */,
			);
			sourceTree = "<group>";
		};
		84C6C1B82458A73C00A14F49 /* Products */ = {
			isa = PBXGroup;
			children = (
				84C6C1B72458A73C00A14F49 /* RecipeMealPlanApp.app */,
			);
			name = Products;
			sourceTree = "<group>";
		};
		84C6C1B92458A73C00A14F49 /* RecipeMealPlanApp */ = {
			isa = PBXGroup;
			children = (
				84C6C1D12458AB1900A14F49 /* Main View Controllers */,
				84496C8E24EB02FB00A6CD31 /* Secondary View Controllers */,
				84C6C1DA2458AB2600A14F49 /* Add New Recipe Flow View Controllers */,
				84C6C1E52458AB2F00A14F49 /* Child View Controllers */,
				84C6C1EE2458AB3C00A14F49 /* Resources */,
				84BCA0E824D9F3A20027356F /* RecipeMealPlanApp-Bridging-Header.h */,
				84C6C20C2458AB7600A14F49 /* CoreDataStack.swift */,
				84C6C1BA2458A73C00A14F49 /* AppDelegate.swift */,
				84C6C1C02458A73C00A14F49 /* Main.storyboard */,
				84C6C1BC2458A73C00A14F49 /* SceneDelegate.swift */,
				84C6C1C62458A74300A14F49 /* Assets.xcassets */,
				84C6C1C82458A74300A14F49 /* LaunchScreen.storyboard */,
				84C6C1CB2458A74300A14F49 /* Info.plist */,
			);
			path = RecipeMealPlanApp;
			sourceTree = "<group>";
		};
		84C6C1D12458AB1900A14F49 /* Main View Controllers */ = {
			isa = PBXGroup;
			children = (
				84C6C1D32458AB1900A14F49 /* RecipeListViewController.swift */,
				84C6C1D42458AB1900A14F49 /* ShoppingListViewController.swift */,
				84C6C1D52458AB1900A14F49 /* MealPlannerViewController.swift */,
				84BCA0E924DB48070027356F /* PlannedMealsViewController.swift */,
			);
			path = "Main View Controllers";
			sourceTree = "<group>";
		};
		84C6C1DA2458AB2600A14F49 /* Add New Recipe Flow View Controllers */ = {
			isa = PBXGroup;
			children = (
				84C6C1DB2458AB2600A14F49 /* AddNameOfRecipeViewController.swift */,
				84C6C1DF2458AB2600A14F49 /* AddPhotoViewController.swift */,
				84C6C1DC2458AB2600A14F49 /* AddDescriptionViewController.swift */,
				84C6C1DD2458AB2600A14F49 /* AddIngredientsViewController.swift */,
				84C6C1DE2458AB2600A14F49 /* AddDirectionsViewController.swift */,
			);
			path = "Add New Recipe Flow View Controllers";
			sourceTree = "<group>";
		};
		84C6C1E52458AB2F00A14F49 /* Child View Controllers */ = {
			isa = PBXGroup;
			children = (
				84C6C1E62458AB2F00A14F49 /* DescriptionAndPicutreViewController.swift */,
				84C6C1E92458AB2F00A14F49 /* IngredientsViewController.swift */,
				84C6C1E72458AB2F00A14F49 /* DirectionsViewController.swift */,
				84C6C1E82458AB2F00A14F49 /* MealTypeAndCountViewController.swift */,
			);
			path = "Child View Controllers";
			sourceTree = "<group>";
		};
		84C6C1EE2458AB3C00A14F49 /* Resources */ = {
			isa = PBXGroup;
			children = (
				8445C01924EB2FA70069E010 /* UITextView.swift */,
				84C6C1F32458AB3C00A14F49 /* ListedRecipesTableViewCell.swift */,
				84C6C1F02458AB3C00A14F49 /* MealPlannerTableViewCell.swift */,
				841B5553248B115000CDE586 /* ShoppingListTableViewCells.swift */,
				84097E5B24AAD36500484C6A /* ShoppingListTableViewCellSection.swift */,
				8414E6B62503D53600CCBA88 /* ReusableNavigation.swift */,
				84496C8C24E7016000A6CD31 /* IngredientsListTableViewCell.swift */,
				84C6C1F52458AB3C00A14F49 /* MealTypeTableViewCell.swift */,
				84C6C1F22458AB3C00A14F49 /* ImagePicker.swift */,
				84C6C1F62458AB3C00A14F49 /* PickerViewDataSource.swift */,
			);
			path = Resources;
			sourceTree = "<group>";
		};
/* End PBXGroup section */

/* Begin PBXNativeTarget section */
		84C6C1B62458A73C00A14F49 /* RecipeMealPlanApp */ = {
			isa = PBXNativeTarget;
			buildConfigurationList = 84C6C1CE2458A74300A14F49 /* Build configuration list for PBXNativeTarget "RecipeMealPlanApp" */;
			buildPhases = (
				7159803C17735FACB44F9650 /* [CP] Check Pods Manifest.lock */,
				84C6C1B32458A73C00A14F49 /* Sources */,
				84C6C1B42458A73C00A14F49 /* Frameworks */,
				84C6C1B52458A73C00A14F49 /* Resources */,
				F86717F095F521265977E68B /* [CP] Embed Pods Frameworks */,
			);
			buildRules = (
			);
			dependencies = (
			);
			name = RecipeMealPlanApp;
			productName = RecipeMealPlanApp;
			productReference = 84C6C1B72458A73C00A14F49 /* RecipeMealPlanApp.app */;
			productType = "com.apple.product-type.application";
		};
/* End PBXNativeTarget section */

/* Begin PBXProject section */
		84C6C1AF2458A73C00A14F49 /* Project object */ = {
			isa = PBXProject;
			attributes = {
				LastSwiftUpdateCheck = 1140;
				LastUpgradeCheck = 1140;
				ORGANIZATIONNAME = Anthony;
				TargetAttributes = {
					84C6C1B62458A73C00A14F49 = {
						CreatedOnToolsVersion = 11.4;
						LastSwiftMigration = 1150;
					};
				};
			};
			buildConfigurationList = 84C6C1B22458A73C00A14F49 /* Build configuration list for PBXProject "RecipeMealPlanApp" */;
			compatibilityVersion = "Xcode 9.3";
			developmentRegion = en;
			hasScannedForEncodings = 0;
			knownRegions = (
				en,
				Base,
			);
			mainGroup = 84C6C1AE2458A73C00A14F49;
			productRefGroup = 84C6C1B82458A73C00A14F49 /* Products */;
			projectDirPath = "";
			projectRoot = "";
			targets = (
				84C6C1B62458A73C00A14F49 /* RecipeMealPlanApp */,
			);
		};
/* End PBXProject section */

/* Begin PBXResourcesBuildPhase section */
		84C6C1B52458A73C00A14F49 /* Resources */ = {
			isa = PBXResourcesBuildPhase;
			buildActionMask = 2147483647;
			files = (
				84C6C1CA2458A74300A14F49 /* LaunchScreen.storyboard in Resources */,
				84C6C1C72458A74300A14F49 /* Assets.xcassets in Resources */,
				84C6C1C22458A73C00A14F49 /* Main.storyboard in Resources */,
			);
			runOnlyForDeploymentPostprocessing = 0;
		};
/* End PBXResourcesBuildPhase section */

/* Begin PBXShellScriptBuildPhase section */
		7159803C17735FACB44F9650 /* [CP] Check Pods Manifest.lock */ = {
			isa = PBXShellScriptBuildPhase;
			buildActionMask = 2147483647;
			files = (
			);
			inputFileListPaths = (
			);
			inputPaths = (
				"${PODS_PODFILE_DIR_PATH}/Podfile.lock",
				"${PODS_ROOT}/Manifest.lock",
			);
			name = "[CP] Check Pods Manifest.lock";
			outputFileListPaths = (
			);
			outputPaths = (
				"$(DERIVED_FILE_DIR)/Pods-RecipeMealPlanApp-checkManifestLockResult.txt",
			);
			runOnlyForDeploymentPostprocessing = 0;
			shellPath = /bin/sh;
			shellScript = "diff \"${PODS_PODFILE_DIR_PATH}/Podfile.lock\" \"${PODS_ROOT}/Manifest.lock\" > /dev/null\nif [ $? != 0 ] ; then\n    # print error to STDERR\n    echo \"error: The sandbox is not in sync with the Podfile.lock. Run 'pod install' or update your CocoaPods installation.\" >&2\n    exit 1\nfi\n# This output is used by Xcode 'outputs' to avoid re-running this script phase.\necho \"SUCCESS\" > \"${SCRIPT_OUTPUT_FILE_0}\"\n";
			showEnvVarsInLog = 0;
		};
		F86717F095F521265977E68B /* [CP] Embed Pods Frameworks */ = {
			isa = PBXShellScriptBuildPhase;
			buildActionMask = 2147483647;
			files = (
			);
			inputFileListPaths = (
				"${PODS_ROOT}/Target Support Files/Pods-RecipeMealPlanApp/Pods-RecipeMealPlanApp-frameworks-${CONFIGURATION}-input-files.xcfilelist",
			);
			name = "[CP] Embed Pods Frameworks";
			outputFileListPaths = (
				"${PODS_ROOT}/Target Support Files/Pods-RecipeMealPlanApp/Pods-RecipeMealPlanApp-frameworks-${CONFIGURATION}-output-files.xcfilelist",
			);
			runOnlyForDeploymentPostprocessing = 0;
			shellPath = /bin/sh;
			shellScript = "\"${PODS_ROOT}/Target Support Files/Pods-RecipeMealPlanApp/Pods-RecipeMealPlanApp-frameworks.sh\"\n";
			showEnvVarsInLog = 0;
		};
/* End PBXShellScriptBuildPhase section */

/* Begin PBXSourcesBuildPhase section */
		84C6C1B32458A73C00A14F49 /* Sources */ = {
			isa = PBXSourcesBuildPhase;
			buildActionMask = 2147483647;
			files = (
				84C6C1D72458AB1900A14F49 /* RecipeListViewController.swift in Sources */,
				84C6C1FE2458AB3C00A14F49 /* PickerViewDataSource.swift in Sources */,
				84C6C1E42458AB2600A14F49 /* AddPhotoViewController.swift in Sources */,
				84C6C1EA2458AB3000A14F49 /* DescriptionAndPicutreViewController.swift in Sources */,
				84C6C1D82458AB1900A14F49 /* ShoppingListViewController.swift in Sources */,
				84C6C20D2458AB7600A14F49 /* CoreDataStack.swift in Sources */,
				84C6C1F82458AB3C00A14F49 /* MealPlannerTableViewCell.swift in Sources */,
				84C6C1ED2458AB3000A14F49 /* IngredientsViewController.swift in Sources */,
				84097E5A24AACC7600484C6A /* MealListViewController.swift in Sources */,
				84C6C1E22458AB2600A14F49 /* AddIngredientsViewController.swift in Sources */,
				84C6C1BB2458A73C00A14F49 /* AppDelegate.swift in Sources */,
				84BCA0EA24DB48070027356F /* PlannedMealsViewController.swift in Sources */,
				84C6C1E32458AB2600A14F49 /* AddDirectionsViewController.swift in Sources */,
				84C6C1E02458AB2600A14F49 /* AddNameOfRecipeViewController.swift in Sources */,
				84C6C1EC2458AB3000A14F49 /* MealTypeAndCountViewController.swift in Sources */,
				84C6C1BD2458A73C00A14F49 /* SceneDelegate.swift in Sources */,
				84C6C1D92458AB1900A14F49 /* MealPlannerViewController.swift in Sources */,
				84C6C1FD2458AB3C00A14F49 /* MealTypeTableViewCell.swift in Sources */,
				84C6C1D62458AB1900A14F49 /* RecipeDetailsViewController.swift in Sources */,
				8414E6B72503D53600CCBA88 /* ReusableNavigation.swift in Sources */,
				84C6C1FA2458AB3C00A14F49 /* ImagePicker.swift in Sources */,
				84097E5C24AAD36500484C6A /* ShoppingListTableViewCellSection.swift in Sources */,
				8445C01A24EB2FA70069E010 /* UITextView.swift in Sources */,
				84BADA5824AEB3BA00F68286 /* RecipeMealPlanApp.xcdatamodeld in Sources */,
				84C6C1FB2458AB3C00A14F49 /* ListedRecipesTableViewCell.swift in Sources */,
				84496C8D24E7016000A6CD31 /* IngredientsListTableViewCell.swift in Sources */,
				84C6C1EB2458AB3000A14F49 /* DirectionsViewController.swift in Sources */,
				841B5554248B115000CDE586 /* ShoppingListTableViewCells.swift in Sources */,
				84C6C1E12458AB2600A14F49 /* AddDescriptionViewController.swift in Sources */,
			);
			runOnlyForDeploymentPostprocessing = 0;
		};
/* End PBXSourcesBuildPhase section */

/* Begin PBXVariantGroup section */
		84C6C1C02458A73C00A14F49 /* Main.storyboard */ = {
			isa = PBXVariantGroup;
			children = (
				84C6C1C12458A73C00A14F49 /* Base */,
			);
			name = Main.storyboard;
			sourceTree = "<group>";
			usesTabs = 0;
			wrapsLines = 1;
		};
		84C6C1C82458A74300A14F49 /* LaunchScreen.storyboard */ = {
			isa = PBXVariantGroup;
			children = (
				84C6C1C92458A74300A14F49 /* Base */,
			);
			name = LaunchScreen.storyboard;
			sourceTree = "<group>";
		};
/* End PBXVariantGroup section */

/* Begin XCBuildConfiguration section */
		84C6C1CC2458A74300A14F49 /* Debug */ = {
			isa = XCBuildConfiguration;
			buildSettings = {
				ALWAYS_SEARCH_USER_PATHS = NO;
				CLANG_ANALYZER_NONNULL = YES;
				CLANG_ANALYZER_NUMBER_OBJECT_CONVERSION = YES_AGGRESSIVE;
				CLANG_CXX_LANGUAGE_STANDARD = "gnu++14";
				CLANG_CXX_LIBRARY = "libc++";
				CLANG_ENABLE_MODULES = YES;
				CLANG_ENABLE_OBJC_ARC = YES;
				CLANG_ENABLE_OBJC_WEAK = YES;
				CLANG_WARN_BLOCK_CAPTURE_AUTORELEASING = YES;
				CLANG_WARN_BOOL_CONVERSION = YES;
				CLANG_WARN_COMMA = YES;
				CLANG_WARN_CONSTANT_CONVERSION = YES;
				CLANG_WARN_DEPRECATED_OBJC_IMPLEMENTATIONS = YES;
				CLANG_WARN_DIRECT_OBJC_ISA_USAGE = YES_ERROR;
				CLANG_WARN_DOCUMENTATION_COMMENTS = YES;
				CLANG_WARN_EMPTY_BODY = YES;
				CLANG_WARN_ENUM_CONVERSION = YES;
				CLANG_WARN_INFINITE_RECURSION = YES;
				CLANG_WARN_INT_CONVERSION = YES;
				CLANG_WARN_NON_LITERAL_NULL_CONVERSION = YES;
				CLANG_WARN_OBJC_IMPLICIT_RETAIN_SELF = YES;
				CLANG_WARN_OBJC_LITERAL_CONVERSION = YES;
				CLANG_WARN_OBJC_ROOT_CLASS = YES_ERROR;
				CLANG_WARN_RANGE_LOOP_ANALYSIS = YES;
				CLANG_WARN_STRICT_PROTOTYPES = YES;
				CLANG_WARN_SUSPICIOUS_MOVE = YES;
				CLANG_WARN_UNGUARDED_AVAILABILITY = YES_AGGRESSIVE;
				CLANG_WARN_UNREACHABLE_CODE = YES;
				CLANG_WARN__DUPLICATE_METHOD_MATCH = YES;
				COPY_PHASE_STRIP = NO;
				DEBUG_INFORMATION_FORMAT = dwarf;
				ENABLE_STRICT_OBJC_MSGSEND = YES;
				ENABLE_TESTABILITY = YES;
				GCC_C_LANGUAGE_STANDARD = gnu11;
				GCC_DYNAMIC_NO_PIC = NO;
				GCC_NO_COMMON_BLOCKS = YES;
				GCC_OPTIMIZATION_LEVEL = 0;
				GCC_PREPROCESSOR_DEFINITIONS = (
					"DEBUG=1",
					"$(inherited)",
				);
				GCC_WARN_64_TO_32_BIT_CONVERSION = YES;
				GCC_WARN_ABOUT_RETURN_TYPE = YES_ERROR;
				GCC_WARN_UNDECLARED_SELECTOR = YES;
				GCC_WARN_UNINITIALIZED_AUTOS = YES_AGGRESSIVE;
				GCC_WARN_UNUSED_FUNCTION = YES;
				GCC_WARN_UNUSED_VARIABLE = YES;
				IPHONEOS_DEPLOYMENT_TARGET = 13.6;
				MTL_ENABLE_DEBUG_INFO = INCLUDE_SOURCE;
				MTL_FAST_MATH = YES;
				ONLY_ACTIVE_ARCH = YES;
				SDKROOT = iphoneos;
				SWIFT_ACTIVE_COMPILATION_CONDITIONS = DEBUG;
				SWIFT_OPTIMIZATION_LEVEL = "-Onone";
			};
			name = Debug;
		};
		84C6C1CD2458A74300A14F49 /* Release */ = {
			isa = XCBuildConfiguration;
			buildSettings = {
				ALWAYS_SEARCH_USER_PATHS = NO;
				CLANG_ANALYZER_NONNULL = YES;
				CLANG_ANALYZER_NUMBER_OBJECT_CONVERSION = YES_AGGRESSIVE;
				CLANG_CXX_LANGUAGE_STANDARD = "gnu++14";
				CLANG_CXX_LIBRARY = "libc++";
				CLANG_ENABLE_MODULES = YES;
				CLANG_ENABLE_OBJC_ARC = YES;
				CLANG_ENABLE_OBJC_WEAK = YES;
				CLANG_WARN_BLOCK_CAPTURE_AUTORELEASING = YES;
				CLANG_WARN_BOOL_CONVERSION = YES;
				CLANG_WARN_COMMA = YES;
				CLANG_WARN_CONSTANT_CONVERSION = YES;
				CLANG_WARN_DEPRECATED_OBJC_IMPLEMENTATIONS = YES;
				CLANG_WARN_DIRECT_OBJC_ISA_USAGE = YES_ERROR;
				CLANG_WARN_DOCUMENTATION_COMMENTS = YES;
				CLANG_WARN_EMPTY_BODY = YES;
				CLANG_WARN_ENUM_CONVERSION = YES;
				CLANG_WARN_INFINITE_RECURSION = YES;
				CLANG_WARN_INT_CONVERSION = YES;
				CLANG_WARN_NON_LITERAL_NULL_CONVERSION = YES;
				CLANG_WARN_OBJC_IMPLICIT_RETAIN_SELF = YES;
				CLANG_WARN_OBJC_LITERAL_CONVERSION = YES;
				CLANG_WARN_OBJC_ROOT_CLASS = YES_ERROR;
				CLANG_WARN_RANGE_LOOP_ANALYSIS = YES;
				CLANG_WARN_STRICT_PROTOTYPES = YES;
				CLANG_WARN_SUSPICIOUS_MOVE = YES;
				CLANG_WARN_UNGUARDED_AVAILABILITY = YES_AGGRESSIVE;
				CLANG_WARN_UNREACHABLE_CODE = YES;
				CLANG_WARN__DUPLICATE_METHOD_MATCH = YES;
				COPY_PHASE_STRIP = NO;
				DEBUG_INFORMATION_FORMAT = "dwarf-with-dsym";
				ENABLE_NS_ASSERTIONS = NO;
				ENABLE_STRICT_OBJC_MSGSEND = YES;
				GCC_C_LANGUAGE_STANDARD = gnu11;
				GCC_NO_COMMON_BLOCKS = YES;
				GCC_WARN_64_TO_32_BIT_CONVERSION = YES;
				GCC_WARN_ABOUT_RETURN_TYPE = YES_ERROR;
				GCC_WARN_UNDECLARED_SELECTOR = YES;
				GCC_WARN_UNINITIALIZED_AUTOS = YES_AGGRESSIVE;
				GCC_WARN_UNUSED_FUNCTION = YES;
				GCC_WARN_UNUSED_VARIABLE = YES;
				IPHONEOS_DEPLOYMENT_TARGET = 13.6;
				MTL_ENABLE_DEBUG_INFO = NO;
				MTL_FAST_MATH = YES;
				SDKROOT = iphoneos;
				SWIFT_COMPILATION_MODE = wholemodule;
				SWIFT_OPTIMIZATION_LEVEL = "-O";
				VALIDATE_PRODUCT = YES;
			};
			name = Release;
		};
		84C6C1CF2458A74300A14F49 /* Debug */ = {
			isa = XCBuildConfiguration;
			baseConfigurationReference = 777427F3D7DAB392F8C6C42A /* Pods-RecipeMealPlanApp.debug.xcconfig */;
			buildSettings = {
				ASSETCATALOG_COMPILER_APPICON_NAME = AppIcon;
				CLANG_ENABLE_MODULES = YES;
				CODE_SIGN_IDENTITY = "Apple Development";
				CODE_SIGN_STYLE = Automatic;
				DEVELOPMENT_TEAM = 3UP2L94S3K;
				INFOPLIST_FILE = RecipeMealPlanApp/Info.plist;
				LD_RUNPATH_SEARCH_PATHS = (
					"$(inherited)",
					"@executable_path/Frameworks",
				);
				MACOSX_DEPLOYMENT_TARGET = 10.10;
				PRODUCT_BUNDLE_IDENTIFIER = com.Anthony.RecipeMealPlanApp;
				PRODUCT_NAME = "$(TARGET_NAME)";
				SWIFT_OBJC_BRIDGING_HEADER = "RecipeMealPlanApp/RecipeMealPlanApp-Bridging-Header.h";
				SWIFT_OPTIMIZATION_LEVEL = "-Onone";
				SWIFT_VERSION = 5.0;
				TARGETED_DEVICE_FAMILY = "1,2";
			};
			name = Debug;
		};
		84C6C1D02458A74300A14F49 /* Release */ = {
			isa = XCBuildConfiguration;
			baseConfigurationReference = 761BCAAF19BA0181E3705E17 /* Pods-RecipeMealPlanApp.release.xcconfig */;
			buildSettings = {
				ASSETCATALOG_COMPILER_APPICON_NAME = AppIcon;
				CLANG_ENABLE_MODULES = YES;
				CODE_SIGN_IDENTITY = "Apple Development";
				CODE_SIGN_STYLE = Automatic;
				DEVELOPMENT_TEAM = 3UP2L94S3K;
				INFOPLIST_FILE = RecipeMealPlanApp/Info.plist;
				LD_RUNPATH_SEARCH_PATHS = (
					"$(inherited)",
					"@executable_path/Frameworks",
				);
				MACOSX_DEPLOYMENT_TARGET = 10.10;
				PRODUCT_BUNDLE_IDENTIFIER = com.Anthony.RecipeMealPlanApp;
				PRODUCT_NAME = "$(TARGET_NAME)";
				SWIFT_OBJC_BRIDGING_HEADER = "RecipeMealPlanApp/RecipeMealPlanApp-Bridging-Header.h";
				SWIFT_VERSION = 5.0;
				TARGETED_DEVICE_FAMILY = "1,2";
			};
			name = Release;
		};
/* End XCBuildConfiguration section */

/* Begin XCConfigurationList section */
		84C6C1B22458A73C00A14F49 /* Build configuration list for PBXProject "RecipeMealPlanApp" */ = {
			isa = XCConfigurationList;
			buildConfigurations = (
				84C6C1CC2458A74300A14F49 /* Debug */,
				84C6C1CD2458A74300A14F49 /* Release */,
			);
			defaultConfigurationIsVisible = 0;
			defaultConfigurationName = Release;
		};
		84C6C1CE2458A74300A14F49 /* Build configuration list for PBXNativeTarget "RecipeMealPlanApp" */ = {
			isa = XCConfigurationList;
			buildConfigurations = (
				84C6C1CF2458A74300A14F49 /* Debug */,
				84C6C1D02458A74300A14F49 /* Release */,
			);
			defaultConfigurationIsVisible = 0;
			defaultConfigurationName = Release;
		};
/* End XCConfigurationList section */

/* Begin XCVersionGroup section */
		84BADA5624AEB3BA00F68286 /* RecipeMealPlanApp.xcdatamodeld */ = {
			isa = XCVersionGroup;
			children = (
				840D5CC124CDF0CD003DEACD /* RecipeMealPlanApp 3.xcdatamodel */,
				848A7CA024CDE26A00528AC4 /* RecipeMealPlanApp 2.xcdatamodel */,
				84BADA5724AEB3BA00F68286 /* RecipeMealPlanApp.xcdatamodel */,
			);
			currentVersion = 840D5CC124CDF0CD003DEACD /* RecipeMealPlanApp 3.xcdatamodel */;
			name = RecipeMealPlanApp.xcdatamodeld;
			path = RecipeMealPlanApp/RecipeMealPlanApp.xcdatamodeld;
			sourceTree = "<group>";
			versionGroupType = wrapper.xcdatamodel;
		};
/* End XCVersionGroup section */
	};
	rootObject = 84C6C1AF2458A73C00A14F49 /* Project object */;
}
